
Microsoft Visual Studio Solution File, Format Version 12.00
# Visual Studio Version 17
VisualStudioVersion = 17.6.33723.286
MinimumVisualStudioVersion = 10.0.40219.1
Project("{9A19103F-16F7-4668-BE54-9A1E7A4F7556}") = "Plainion.GraphViz", "src\Plainion.GraphViz\Plainion.GraphViz.csproj", "{8CC5C764-ACE2-4AF2-BCA1-F78753E709AA}"
EndProject
Project("{9A19103F-16F7-4668-BE54-9A1E7A4F7556}") = "Plainion.GraphViz.Viewer.Abstractions", "src\Plainion.GraphViz.Viewer.Abstractions\Plainion.GraphViz.Viewer.Abstractions.csproj", "{FC787D39-FC3E-4031-BD87-D6971F3006FA}"
EndProject
Project("{9A19103F-16F7-4668-BE54-9A1E7A4F7556}") = "Plainion.GraphViz.Modules.Analysis", "src\Plainion.GraphViz.Modules.Analysis\Plainion.GraphViz.Modules.Analysis.csproj", "{1E0DFA4E-2952-4B64-93A9-DB0A9829A773}"
EndProject
Project("{9A19103F-16F7-4668-BE54-9A1E7A4F7556}") = "Plainion.GraphViz.Modules.Documents", "src\Plainion.GraphViz.Modules.Documents\Plainion.GraphViz.Modules.Documents.csproj", "{9105DE30-DE66-403C-A89C-C261E99C4C05}"
EndProject
Project("{9A19103F-16F7-4668-BE54-9A1E7A4F7556}") = "Plainion.GraphViz.Viewer", "src\Plainion.GraphViz.Viewer\Plainion.GraphViz.Viewer.csproj", "{0F4FA89D-B2F4-40F5-BB4A-21C4BDB98C8B}"
EndProject
Project("{2150E333-8FDC-42A3-9474-1A3956D46DE8}") = "Solution Items", "Solution Items", "{CBE6C788-0BFF-476E-8C34-584844EA0837}"
	ProjectSection(SolutionItems) = preProject
		Backlog.md = Backlog.md
		ChangeLog.md = ChangeLog.md
		build\packager.msbuild = build\packager.msbuild
		README.md = README.md
		build\Targets.fsx = build\Targets.fsx
	EndProjectSection
EndProject
Project("{9A19103F-16F7-4668-BE54-9A1E7A4F7556}") = "Plainion.GraphViz.Modules.Documents.Tests", "src\Plainion.GraphViz.Modules.Documents.Tests\Plainion.GraphViz.Modules.Documents.Tests.csproj", "{D03FE809-E508-406F-B48A-EE9432DEC4B4}"
EndProject
Project("{9A19103F-16F7-4668-BE54-9A1E7A4F7556}") = "Plainion.GraphViz.Actors.Host", "src\Plainion.GraphViz.Actors.Host\Plainion.GraphViz.Actors.Host.csproj", "{5BF9E3F7-A37C-497D-BA97-0BB5B5B967DD}"
EndProject
Project("{9A19103F-16F7-4668-BE54-9A1E7A4F7556}") = "Plainion.GraphViz.Modules.CodeInspection", "src\Plainion.GraphViz.Modules.CodeInspection\Plainion.GraphViz.Modules.CodeInspection.csproj", "{21CC39C6-6535-4F17-ABA3-82AF9F49FE0C}"
EndProject
Project("{9A19103F-16F7-4668-BE54-9A1E7A4F7556}") = "Plainion.GraphViz.Modules.CodeInspection.Tests", "src\Plainion.GraphViz.Modules.CodeInspection.Tests\Plainion.GraphViz.Modules.CodeInspection.Tests.csproj", "{E4BFFD9B-E252-4628-8B92-4B388EB6FE2D}"
EndProject
Project("{9A19103F-16F7-4668-BE54-9A1E7A4F7556}") = "Plainion.GraphViz.Tests", "src\Plainion.GraphViz.Tests\Plainion.GraphViz.Tests.csproj", "{ED17823C-F627-457E-B2E1-7C80FB391F5D}"
EndProject
Project("{9A19103F-16F7-4668-BE54-9A1E7A4F7556}") = "Plainion.GraphViz.CodeInspection", "src\Plainion.GraphViz.CodeInspection\Plainion.GraphViz.CodeInspection.csproj", "{EB61222B-B3D5-4901-A42D-7386E4AE08D6}"
EndProject
Project("{9A19103F-16F7-4668-BE54-9A1E7A4F7556}") = "docs", "docs\docs.csproj", "{BE1F4CBE-C1CD-4794-99F6-4AE5B5568E5C}"
EndProject
Project("{9A19103F-16F7-4668-BE54-9A1E7A4F7556}") = "Plainion.GraphViz.Modules.VsProjects", "src\Plainion.GraphViz.Modules.VsProjects\Plainion.GraphViz.Modules.VsProjects.csproj", "{345817BA-84E4-4882-B022-03C0DC094500}"
EndProject
Project("{9A19103F-16F7-4668-BE54-9A1E7A4F7556}") = "Plainion.GraphViz.Modules.SDK", "src\Plainion.GraphViz.Modules.SDK\Plainion.GraphViz.Modules.SDK.csproj", "{898B0102-5FE9-43F8-AA35-6A5A25A59A9D}"
EndProject
Project("{9A19103F-16F7-4668-BE54-9A1E7A4F7556}") = "Plainion.GraphViz.Modules.MdFiles", "src\Plainion.GraphViz.Modules.MdFiles\Plainion.GraphViz.Modules.MdFiles.csproj", "{BB2F0AEC-5AB9-41A3-A2FF-769FE3B0E430}"
EndProject
Project("{9A19103F-16F7-4668-BE54-9A1E7A4F7556}") = "Plainion.GraphViz.Modules.MdFiles.Tests", "src\Plainion.GraphViz.Modules.MdFiles.Tests\Plainion.GraphViz.Modules.MdFiles.Tests.csproj", "{5059057C-D68C-4E03-8568-A054BE6B8AA1}"
EndProject
Project("{9A19103F-16F7-4668-BE54-9A1E7A4F7556}") = "Plainion.GraphViz.Modules.Obfuscate", "src\Plainion.GraphViz.Modules.Obfuscate\Plainion.GraphViz.Modules.Obfuscate.csproj", "{3DC1D7EC-2AFF-43D3-BB21-D2C111B1B1C9}"
EndProject
Project("{9A19103F-16F7-4668-BE54-9A1E7A4F7556}") = "Plainion.GraphViz.Actors.Client", "src\Plainion.GraphViz.Actors.Client\Plainion.GraphViz.Actors.Client.csproj", "{0BA6C2A1-F048-430D-BDBC-2779B52A3B0E}"
EndProject
Global
	GlobalSection(SolutionConfigurationPlatforms) = preSolution
		Debug|Any CPU = Debug|Any CPU
		Release|Any CPU = Release|Any CPU
	EndGlobalSection
	GlobalSection(ProjectConfigurationPlatforms) = postSolution
		{8CC5C764-ACE2-4AF2-BCA1-F78753E709AA}.Debug|Any CPU.ActiveCfg = Debug|Any CPU
		{8CC5C764-ACE2-4AF2-BCA1-F78753E709AA}.Debug|Any CPU.Build.0 = Debug|Any CPU
		{8CC5C764-ACE2-4AF2-BCA1-F78753E709AA}.Release|Any CPU.ActiveCfg = Release|Any CPU
		{8CC5C764-ACE2-4AF2-BCA1-F78753E709AA}.Release|Any CPU.Build.0 = Release|Any CPU
		{FC787D39-FC3E-4031-BD87-D6971F3006FA}.Debug|Any CPU.ActiveCfg = Debug|Any CPU
		{FC787D39-FC3E-4031-BD87-D6971F3006FA}.Debug|Any CPU.Build.0 = Debug|Any CPU
		{FC787D39-FC3E-4031-BD87-D6971F3006FA}.Release|Any CPU.ActiveCfg = Release|Any CPU
		{FC787D39-FC3E-4031-BD87-D6971F3006FA}.Release|Any CPU.Build.0 = Release|Any CPU
		{1E0DFA4E-2952-4B64-93A9-DB0A9829A773}.Debug|Any CPU.ActiveCfg = Debug|Any CPU
		{1E0DFA4E-2952-4B64-93A9-DB0A9829A773}.Debug|Any CPU.Build.0 = Debug|Any CPU
		{1E0DFA4E-2952-4B64-93A9-DB0A9829A773}.Release|Any CPU.ActiveCfg = Release|Any CPU
		{1E0DFA4E-2952-4B64-93A9-DB0A9829A773}.Release|Any CPU.Build.0 = Release|Any CPU
		{9105DE30-DE66-403C-A89C-C261E99C4C05}.Debug|Any CPU.ActiveCfg = Debug|Any CPU
		{9105DE30-DE66-403C-A89C-C261E99C4C05}.Debug|Any CPU.Build.0 = Debug|Any CPU
		{9105DE30-DE66-403C-A89C-C261E99C4C05}.Release|Any CPU.ActiveCfg = Release|Any CPU
		{9105DE30-DE66-403C-A89C-C261E99C4C05}.Release|Any CPU.Build.0 = Release|Any CPU
		{0F4FA89D-B2F4-40F5-BB4A-21C4BDB98C8B}.Debug|Any CPU.ActiveCfg = Debug|Any CPU
		{0F4FA89D-B2F4-40F5-BB4A-21C4BDB98C8B}.Debug|Any CPU.Build.0 = Debug|Any CPU
		{0F4FA89D-B2F4-40F5-BB4A-21C4BDB98C8B}.Release|Any CPU.ActiveCfg = Release|Any CPU
		{0F4FA89D-B2F4-40F5-BB4A-21C4BDB98C8B}.Release|Any CPU.Build.0 = Release|Any CPU
		{D03FE809-E508-406F-B48A-EE9432DEC4B4}.Debug|Any CPU.ActiveCfg = Debug|Any CPU
		{D03FE809-E508-406F-B48A-EE9432DEC4B4}.Debug|Any CPU.Build.0 = Debug|Any CPU
		{D03FE809-E508-406F-B48A-EE9432DEC4B4}.Release|Any CPU.ActiveCfg = Release|Any CPU
		{D03FE809-E508-406F-B48A-EE9432DEC4B4}.Release|Any CPU.Build.0 = Release|Any CPU
		{5BF9E3F7-A37C-497D-BA97-0BB5B5B967DD}.Debug|Any CPU.ActiveCfg = Debug|Any CPU
		{5BF9E3F7-A37C-497D-BA97-0BB5B5B967DD}.Debug|Any CPU.Build.0 = Debug|Any CPU
		{5BF9E3F7-A37C-497D-BA97-0BB5B5B967DD}.Release|Any CPU.ActiveCfg = Release|Any CPU
		{5BF9E3F7-A37C-497D-BA97-0BB5B5B967DD}.Release|Any CPU.Build.0 = Release|Any CPU
		{21CC39C6-6535-4F17-ABA3-82AF9F49FE0C}.Debug|Any CPU.ActiveCfg = Debug|Any CPU
		{21CC39C6-6535-4F17-ABA3-82AF9F49FE0C}.Debug|Any CPU.Build.0 = Debug|Any CPU
		{21CC39C6-6535-4F17-ABA3-82AF9F49FE0C}.Release|Any CPU.ActiveCfg = Release|Any CPU
		{21CC39C6-6535-4F17-ABA3-82AF9F49FE0C}.Release|Any CPU.Build.0 = Release|Any CPU
		{E4BFFD9B-E252-4628-8B92-4B388EB6FE2D}.Debug|Any CPU.ActiveCfg = Debug|Any CPU
		{E4BFFD9B-E252-4628-8B92-4B388EB6FE2D}.Debug|Any CPU.Build.0 = Debug|Any CPU
		{E4BFFD9B-E252-4628-8B92-4B388EB6FE2D}.Release|Any CPU.ActiveCfg = Release|Any CPU
		{E4BFFD9B-E252-4628-8B92-4B388EB6FE2D}.Release|Any CPU.Build.0 = Release|Any CPU
		{ED17823C-F627-457E-B2E1-7C80FB391F5D}.Debug|Any CPU.ActiveCfg = Debug|Any CPU
		{ED17823C-F627-457E-B2E1-7C80FB391F5D}.Debug|Any CPU.Build.0 = Debug|Any CPU
		{ED17823C-F627-457E-B2E1-7C80FB391F5D}.Release|Any CPU.ActiveCfg = Release|Any CPU
		{ED17823C-F627-457E-B2E1-7C80FB391F5D}.Release|Any CPU.Build.0 = Release|Any CPU
		{EB61222B-B3D5-4901-A42D-7386E4AE08D6}.Debug|Any CPU.ActiveCfg = Debug|Any CPU
		{EB61222B-B3D5-4901-A42D-7386E4AE08D6}.Debug|Any CPU.Build.0 = Debug|Any CPU
		{EB61222B-B3D5-4901-A42D-7386E4AE08D6}.Release|Any CPU.ActiveCfg = Release|Any CPU
		{EB61222B-B3D5-4901-A42D-7386E4AE08D6}.Release|Any CPU.Build.0 = Release|Any CPU
		{BE1F4CBE-C1CD-4794-99F6-4AE5B5568E5C}.Debug|Any CPU.ActiveCfg = Debug|Any CPU
		{BE1F4CBE-C1CD-4794-99F6-4AE5B5568E5C}.Debug|Any CPU.Build.0 = Debug|Any CPU
		{BE1F4CBE-C1CD-4794-99F6-4AE5B5568E5C}.Release|Any CPU.ActiveCfg = Release|Any CPU
		{BE1F4CBE-C1CD-4794-99F6-4AE5B5568E5C}.Release|Any CPU.Build.0 = Release|Any CPU
		{345817BA-84E4-4882-B022-03C0DC094500}.Debug|Any CPU.ActiveCfg = Debug|Any CPU
		{345817BA-84E4-4882-B022-03C0DC094500}.Debug|Any CPU.Build.0 = Debug|Any CPU
		{345817BA-84E4-4882-B022-03C0DC094500}.Release|Any CPU.ActiveCfg = Release|Any CPU
		{345817BA-84E4-4882-B022-03C0DC094500}.Release|Any CPU.Build.0 = Release|Any CPU
		{898B0102-5FE9-43F8-AA35-6A5A25A59A9D}.Debug|Any CPU.ActiveCfg = Debug|Any CPU
		{898B0102-5FE9-43F8-AA35-6A5A25A59A9D}.Debug|Any CPU.Build.0 = Debug|Any CPU
		{898B0102-5FE9-43F8-AA35-6A5A25A59A9D}.Release|Any CPU.ActiveCfg = Release|Any CPU
		{898B0102-5FE9-43F8-AA35-6A5A25A59A9D}.Release|Any CPU.Build.0 = Release|Any CPU
		{BB2F0AEC-5AB9-41A3-A2FF-769FE3B0E430}.Debug|Any CPU.ActiveCfg = Debug|Any CPU
		{BB2F0AEC-5AB9-41A3-A2FF-769FE3B0E430}.Debug|Any CPU.Build.0 = Debug|Any CPU
		{BB2F0AEC-5AB9-41A3-A2FF-769FE3B0E430}.Release|Any CPU.ActiveCfg = Release|Any CPU
		{BB2F0AEC-5AB9-41A3-A2FF-769FE3B0E430}.Release|Any CPU.Build.0 = Release|Any CPU
		{5059057C-D68C-4E03-8568-A054BE6B8AA1}.Debug|Any CPU.ActiveCfg = Debug|Any CPU
		{5059057C-D68C-4E03-8568-A054BE6B8AA1}.Debug|Any CPU.Build.0 = Debug|Any CPU
		{5059057C-D68C-4E03-8568-A054BE6B8AA1}.Release|Any CPU.ActiveCfg = Release|Any CPU
		{5059057C-D68C-4E03-8568-A054BE6B8AA1}.Release|Any CPU.Build.0 = Release|Any CPU
		{3DC1D7EC-2AFF-43D3-BB21-D2C111B1B1C9}.Debug|Any CPU.ActiveCfg = Debug|Any CPU
		{3DC1D7EC-2AFF-43D3-BB21-D2C111B1B1C9}.Debug|Any CPU.Build.0 = Debug|Any CPU
		{3DC1D7EC-2AFF-43D3-BB21-D2C111B1B1C9}.Release|Any CPU.ActiveCfg = Release|Any CPU
		{3DC1D7EC-2AFF-43D3-BB21-D2C111B1B1C9}.Release|Any CPU.Build.0 = Release|Any CPU
		{0BA6C2A1-F048-430D-BDBC-2779B52A3B0E}.Debug|Any CPU.ActiveCfg = Debug|Any CPU
		{0BA6C2A1-F048-430D-BDBC-2779B52A3B0E}.Debug|Any CPU.Build.0 = Debug|Any CPU
		{0BA6C2A1-F048-430D-BDBC-2779B52A3B0E}.Release|Any CPU.ActiveCfg = Release|Any CPU
		{0BA6C2A1-F048-430D-BDBC-2779B52A3B0E}.Release|Any CPU.Build.0 = Release|Any CPU
	EndGlobalSection
	GlobalSection(SolutionProperties) = preSolution
		HideSolutionNode = FALSE
	EndGlobalSection
	GlobalSection(ExtensibilityGlobals) = postSolution
		SolutionGuid = {1D0F946E-D018-4453-8742-2E26BC70E4BF}
	EndGlobalSection
EndGlobal
