Microsoft Visual Studio Solution File, Format Version 12.00
# Visual Studio Version 17
VisualStudioVersion = 17.5.2.0
MinimumVisualStudioVersion = 10.0.40219.1
Project("{FAE04EC0-301F-11D3-BF4B-00C04F79EFBC}") = "Plainion.GraphViz.Modules.Properties", "Plainion.GraphViz.Modules.Properties.csproj", "{7EAD5D21-415F-9D9A-2299-989A98E85623}"
EndProject
Global
	GlobalSection(SolutionConfigurationPlatforms) = preSolution
		Debug|Any CPU = Debug|Any CPU
		Release|Any CPU = Release|Any CPU
	EndGlobalSection
	GlobalSection(ProjectConfigurationPlatforms) = postSolution
		{7EAD5D21-415F-9D9A-2299-989A98E85623}.Debug|Any CPU.ActiveCfg = Debug|Any CPU
		{7EAD5D21-415F-9D9A-2299-989A98E85623}.Debug|Any CPU.Build.0 = Debug|Any CPU
		{7EAD5D21-415F-9D9A-2299-989A98E85623}.Release|Any CPU.ActiveCfg = Release|Any CPU
		{7EAD5D21-415F-9D9A-2299-989A98E85623}.Release|Any CPU.Build.0 = Release|Any CPU
	EndGlobalSection
	GlobalSection(SolutionProperties) = preSolution
		HideSolutionNode = FALSE
	EndGlobalSection
	GlobalSection(ExtensibilityGlobals) = postSolution
		SolutionGuid = {B5B65CF9-1C74-4EDB-A0ED-ABF42AFC9BB0}
	EndGlobalSection
EndGlobal
